// !$*UTF8*$!
{
	archiveVersion = 1;
	classes = {
	};
	objectVersion = 50;
	objects = {

/* Begin PBXBuildFile section */
		82917AB62266CB3D0086CE27 /* AppDelegate.swift in Sources */ = {isa = PBXBuildFile; fileRef = 82917AB52266CB3D0086CE27 /* AppDelegate.swift */; };
		82917AB82266CB3D0086CE27 /* ViewController.swift in Sources */ = {isa = PBXBuildFile; fileRef = 82917AB72266CB3D0086CE27 /* ViewController.swift */; };
		82917ABB2266CB3D0086CE27 /* Main.storyboard in Resources */ = {isa = PBXBuildFile; fileRef = 82917AB92266CB3D0086CE27 /* Main.storyboard */; };
		82917ABD2266CB420086CE27 /* Assets.xcassets in Resources */ = {isa = PBXBuildFile; fileRef = 82917ABC2266CB420086CE27 /* Assets.xcassets */; };
		82917AC02266CB420086CE27 /* LaunchScreen.storyboard in Resources */ = {isa = PBXBuildFile; fileRef = 82917ABE2266CB420086CE27 /* LaunchScreen.storyboard */; };
		82917ACB2266CB420086CE27 /* studylink_19Tests.swift in Sources */ = {isa = PBXBuildFile; fileRef = 82917ACA2266CB420086CE27 /* studylink_19Tests.swift */; };
		82917AD62266CB420086CE27 /* studylink_19UITests.swift in Sources */ = {isa = PBXBuildFile; fileRef = 82917AD52266CB420086CE27 /* studylink_19UITests.swift */; };
/* End PBXBuildFile section */

/* Begin PBXContainerItemProxy section */
		82917AC72266CB420086CE27 /* PBXContainerItemProxy */ = {
			isa = PBXContainerItemProxy;
			containerPortal = 82917AAA2266CB3C0086CE27 /* Project object */;
			proxyType = 1;
			remoteGlobalIDString = 82917AB12266CB3D0086CE27;
			remoteInfo = studylink_19;
		};
		82917AD22266CB420086CE27 /* PBXContainerItemProxy */ = {
			isa = PBXContainerItemProxy;
			containerPortal = 82917AAA2266CB3C0086CE27 /* Project object */;
			proxyType = 1;
			remoteGlobalIDString = 82917AB12266CB3D0086CE27;
			remoteInfo = studylink_19;
		};
/* End PBXContainerItemProxy section */

/* Begin PBXFileReference section */
		82917AB22266CB3D0086CE27 /* studylink_19.app */ = {isa = PBXFileReference; explicitFileType = wrapper.application; includeInIndex = 0; path = studylink_19.app; sourceTree = BUILT_PRODUCTS_DIR; };
		82917AB52266CB3D0086CE27 /* AppDelegate.swift */ = {isa = PBXFileReference; lastKnownFileType = sourcecode.swift; path = AppDelegate.swift; sourceTree = "<group>"; };
		82917AB72266CB3D0086CE27 /* ViewController.swift */ = {isa = PBXFileReference; lastKnownFileType = sourcecode.swift; path = ViewController.swift; sourceTree = "<group>"; };
		82917ABA2266CB3D0086CE27 /* Base */ = {isa = PBXFileReference; lastKnownFileType = file.storyboard; name = Base; path = Base.lproj/Main.storyboard; sourceTree = "<group>"; };
		82917ABC2266CB420086CE27 /* Assets.xcassets */ = {isa = PBXFileReference; lastKnownFileType = folder.assetcatalog; path = Assets.xcassets; sourceTree = "<group>"; };
		82917ABF2266CB420086CE27 /* Base */ = {isa = PBXFileReference; lastKnownFileType = file.storyboard; name = Base; path = Base.lproj/LaunchScreen.storyboard; sourceTree = "<group>"; };
		82917AC12266CB420086CE27 /* Info.plist */ = {isa = PBXFileReference; lastKnownFileType = text.plist.xml; path = Info.plist; sourceTree = "<group>"; };
		82917AC62266CB420086CE27 /* studylink_19Tests.xctest */ = {isa = PBXFileReference; explicitFileType = wrapper.cfbundle; includeInIndex = 0; path = studylink_19Tests.xctest; sourceTree = BUILT_PRODUCTS_DIR; };
		82917ACA2266CB420086CE27 /* studylink_19Tests.swift */ = {isa = PBXFileReference; lastKnownFileType = sourcecode.swift; path = studylink_19Tests.swift; sourceTree = "<group>"; };
		82917ACC2266CB420086CE27 /* Info.plist */ = {isa = PBXFileReference; lastKnownFileType = text.plist.xml; path = Info.plist; sourceTree = "<group>"; };
		82917AD12266CB420086CE27 /* studylink_19UITests.xctest */ = {isa = PBXFileReference; explicitFileType = wrapper.cfbundle; includeInIndex = 0; path = studylink_19UITests.xctest; sourceTree = BUILT_PRODUCTS_DIR; };
		82917AD52266CB420086CE27 /* studylink_19UITests.swift */ = {isa = PBXFileReference; lastKnownFileType = sourcecode.swift; path = studylink_19UITests.swift; sourceTree = "<group>"; };
		82917AD72266CB420086CE27 /* Info.plist */ = {isa = PBXFileReference; lastKnownFileType = text.plist.xml; path = Info.plist; sourceTree = "<group>"; };
/* End PBXFileReference section */

/* Begin PBXFrameworksBuildPhase section */
		82917AAF2266CB3D0086CE27 /* Frameworks */ = {
			isa = PBXFrameworksBuildPhase;
			buildActionMask = 2147483647;
			files = (
			);
			runOnlyForDeploymentPostprocessing = 0;
		};
		82917AC32266CB420086CE27 /* Frameworks */ = {
			isa = PBXFrameworksBuildPhase;
			buildActionMask = 2147483647;
			files = (
			);
			runOnlyForDeploymentPostprocessing = 0;
		};
		82917ACE2266CB420086CE27 /* Frameworks */ = {
			isa = PBXFrameworksBuildPhase;
			buildActionMask = 2147483647;
			files = (
			);
			runOnlyForDeploymentPostprocessing = 0;
		};
/* End PBXFrameworksBuildPhase section */

/* Begin PBXGroup section */
		82917AA92266CB3C0086CE27 = {
			isa = PBXGroup;
			children = (
				82917AB42266CB3D0086CE27 /* studylink_19 */,
				82917AC92266CB420086CE27 /* studylink_19Tests */,
				82917AD42266CB420086CE27 /* studylink_19UITests */,
				82917AB32266CB3D0086CE27 /* Products */,
			);
			sourceTree = "<group>";
		};
		82917AB32266CB3D0086CE27 /* Products */ = {
			isa = PBXGroup;
			children = (
				82917AB22266CB3D0086CE27 /* studylink_19.app */,
				82917AC62266CB420086CE27 /* studylink_19Tests.xctest */,
				82917AD12266CB420086CE27 /* studylink_19UITests.xctest */,
			);
			name = Products;
			sourceTree = "<group>";
		};
		82917AB42266CB3D0086CE27 /* studylink_19 */ = {
			isa = PBXGroup;
			children = (
				82917AB52266CB3D0086CE27 /* AppDelegate.swift */,
				82917AB72266CB3D0086CE27 /* ViewController.swift */,
				82917AB92266CB3D0086CE27 /* Main.storyboard */,
				82917ABC2266CB420086CE27 /* Assets.xcassets */,
				82917ABE2266CB420086CE27 /* LaunchScreen.storyboard */,
				82917AC12266CB420086CE27 /* Info.plist */,
			);
			path = studylink_19;
			sourceTree = "<group>";
		};
		82917AC92266CB420086CE27 /* studylink_19Tests */ = {
			isa = PBXGroup;
			children = (
				82917ACA2266CB420086CE27 /* studylink_19Tests.swift */,
				82917ACC2266CB420086CE27 /* Info.plist */,
			);
			path = studylink_19Tests;
			sourceTree = "<group>";
		};
		82917AD42266CB420086CE27 /* studylink_19UITests */ = {
			isa = PBXGroup;
			children = (
				82917AD52266CB420086CE27 /* studylink_19UITests.swift */,
				82917AD72266CB420086CE27 /* Info.plist */,
			);
			path = studylink_19UITests;
			sourceTree = "<group>";
		};
/* End PBXGroup section */

/* Begin PBXNativeTarget section */
		82917AB12266CB3D0086CE27 /* studylink_19 */ = {
			isa = PBXNativeTarget;
			buildConfigurationList = 82917ADA2266CB430086CE27 /* Build configuration list for PBXNativeTarget "studylink_19" */;
			buildPhases = (
				82917AAE2266CB3D0086CE27 /* Sources */,
				82917AAF2266CB3D0086CE27 /* Frameworks */,
				82917AB02266CB3D0086CE27 /* Resources */,
			);
			buildRules = (
			);
			dependencies = (
			);
			name = studylink_19;
			productName = studylink_19;
			productReference = 82917AB22266CB3D0086CE27 /* studylink_19.app */;
			productType = "com.apple.product-type.application";
		};
		82917AC52266CB420086CE27 /* studylink_19Tests */ = {
			isa = PBXNativeTarget;
			buildConfigurationList = 82917ADD2266CB430086CE27 /* Build configuration list for PBXNativeTarget "studylink_19Tests" */;
			buildPhases = (
				82917AC22266CB420086CE27 /* Sources */,
				82917AC32266CB420086CE27 /* Frameworks */,
				82917AC42266CB420086CE27 /* Resources */,
			);
			buildRules = (
			);
			dependencies = (
				82917AC82266CB420086CE27 /* PBXTargetDependency */,
			);
			name = studylink_19Tests;
			productName = studylink_19Tests;
			productReference = 82917AC62266CB420086CE27 /* studylink_19Tests.xctest */;
			productType = "com.apple.product-type.bundle.unit-test";
		};
		82917AD02266CB420086CE27 /* studylink_19UITests */ = {
			isa = PBXNativeTarget;
			buildConfigurationList = 82917AE02266CB430086CE27 /* Build configuration list for PBXNativeTarget "studylink_19UITests" */;
			buildPhases = (
				82917ACD2266CB420086CE27 /* Sources */,
				82917ACE2266CB420086CE27 /* Frameworks */,
				82917ACF2266CB420086CE27 /* Resources */,
			);
			buildRules = (
			);
			dependencies = (
				82917AD32266CB420086CE27 /* PBXTargetDependency */,
			);
			name = studylink_19UITests;
			productName = studylink_19UITests;
			productReference = 82917AD12266CB420086CE27 /* studylink_19UITests.xctest */;
			productType = "com.apple.product-type.bundle.ui-testing";
		};
/* End PBXNativeTarget section */

/* Begin PBXProject section */
		82917AAA2266CB3C0086CE27 /* Project object */ = {
			isa = PBXProject;
			attributes = {
				LastSwiftUpdateCheck = 1010;
				LastUpgradeCheck = 1010;
				ORGANIZATIONNAME = "Manprit Heer";
				TargetAttributes = {
					82917AB12266CB3D0086CE27 = {
						CreatedOnToolsVersion = 10.1;
					};
					82917AC52266CB420086CE27 = {
						CreatedOnToolsVersion = 10.1;
						TestTargetID = 82917AB12266CB3D0086CE27;
					};
					82917AD02266CB420086CE27 = {
						CreatedOnToolsVersion = 10.1;
						TestTargetID = 82917AB12266CB3D0086CE27;
					};
				};
			};
			buildConfigurationList = 82917AAD2266CB3C0086CE27 /* Build configuration list for PBXProject "studylink_19" */;
			compatibilityVersion = "Xcode 9.3";
			developmentRegion = en;
			hasScannedForEncodings = 0;
			knownRegions = (
				en,
				Base,
			);
			mainGroup = 82917AA92266CB3C0086CE27;
			productRefGroup = 82917AB32266CB3D0086CE27 /* Products */;
			projectDirPath = "";
			projectRoot = "";
			targets = (
				82917AB12266CB3D0086CE27 /* studylink_19 */,
				82917AC52266CB420086CE27 /* studylink_19Tests */,
				82917AD02266CB420086CE27 /* studylink_19UITests */,
			);
		};
/* End PBXProject section */

/* Begin PBXResourcesBuildPhase section */
		82917AB02266CB3D0086CE27 /* Resources */ = {
			isa = PBXResourcesBuildPhase;
			buildActionMask = 2147483647;
			files = (
				82917AC02266CB420086CE27 /* LaunchScreen.storyboard in Resources */,
				82917ABD2266CB420086CE27 /* Assets.xcassets in Resources */,
				82917ABB2266CB3D0086CE27 /* Main.storyboard in Resources */,
			);
			runOnlyForDeploymentPostprocessing = 0;
		};
		82917AC42266CB420086CE27 /* Resources */ = {
			isa = PBXResourcesBuildPhase;
			buildActionMask = 2147483647;
			files = (
			);
			runOnlyForDeploymentPostprocessing = 0;
		};
		82917ACF2266CB420086CE27 /* Resources */ = {
			isa = PBXResourcesBuildPhase;
			buildActionMask = 2147483647;
			files = (
			);
			runOnlyForDeploymentPostprocessing = 0;
		};
/* End PBXResourcesBuildPhase section */

/* Begin PBXSourcesBuildPhase section */
		82917AAE2266CB3D0086CE27 /* Sources */ = {
			isa = PBXSourcesBuildPhase;
			buildActionMask = 2147483647;
			files = (
				82917AB82266CB3D0086CE27 /* ViewController.swift in Sources */,
				82917AB62266CB3D0086CE27 /* AppDelegate.swift in Sources */,
			);
			runOnlyForDeploymentPostprocessing = 0;
		};
		82917AC22266CB420086CE27 /* Sources */ = {
			isa = PBXSourcesBuildPhase;
			buildActionMask = 2147483647;
			files = (
				82917ACB2266CB420086CE27 /* studylink_19Tests.swift in Sources */,
			);
			runOnlyForDeploymentPostprocessing = 0;
		};
		82917ACD2266CB420086CE27 /* Sources */ = {
			isa = PBXSourcesBuildPhase;
			buildActionMask = 2147483647;
			files = (
				82917AD62266CB420086CE27 /* studylink_19UITests.swift in Sources */,
			);
			runOnlyForDeploymentPostprocessing = 0;
		};
/* End PBXSourcesBuildPhase section */

/* Begin PBXTargetDependency section */
		82917AC82266CB420086CE27 /* PBXTargetDependency */ = {
			isa = PBXTargetDependency;
			target = 82917AB12266CB3D0086CE27 /* studylink_19 */;
			targetProxy = 82917AC72266CB420086CE27 /* PBXContainerItemProxy */;
		};
		82917AD32266CB420086CE27 /* PBXTargetDependency */ = {
			isa = PBXTargetDependency;
			target = 82917AB12266CB3D0086CE27 /* studylink_19 */;
			targetProxy = 82917AD22266CB420086CE27 /* PBXContainerItemProxy */;
		};
/* End PBXTargetDependency section */

/* Begin PBXVariantGroup section */
		82917AB92266CB3D0086CE27 /* Main.storyboard */ = {
			isa = PBXVariantGroup;
			children = (
				82917ABA2266CB3D0086CE27 /* Base */,
			);
			name = Main.storyboard;
			sourceTree = "<group>";
		};
		82917ABE2266CB420086CE27 /* LaunchScreen.storyboard */ = {
			isa = PBXVariantGroup;
			children = (
				82917ABF2266CB420086CE27 /* Base */,
			);
			name = LaunchScreen.storyboard;
			sourceTree = "<group>";
		};
/* End PBXVariantGroup section */

/* Begin XCBuildConfiguration section */
		82917AD82266CB430086CE27 /* Debug */ = {
			isa = XCBuildConfiguration;
			buildSettings = {
				ALWAYS_SEARCH_USER_PATHS = NO;
				CLANG_ANALYZER_NONNULL = YES;
				CLANG_ANALYZER_NUMBER_OBJECT_CONVERSION = YES_AGGRESSIVE;
				CLANG_CXX_LANGUAGE_STANDARD = "gnu++14";
				CLANG_CXX_LIBRARY = "libc++";
				CLANG_ENABLE_MODULES = YES;
				CLANG_ENABLE_OBJC_ARC = YES;
				CLANG_ENABLE_OBJC_WEAK = YES;
				CLANG_WARN_BLOCK_CAPTURE_AUTORELEASING = YES;
				CLANG_WARN_BOOL_CONVERSION = YES;
				CLANG_WARN_COMMA = YES;
				CLANG_WARN_CONSTANT_CONVERSION = YES;
				CLANG_WARN_DEPRECATED_OBJC_IMPLEMENTATIONS = YES;
				CLANG_WARN_DIRECT_OBJC_ISA_USAGE = YES_ERROR;
				CLANG_WARN_DOCUMENTATION_COMMENTS = YES;
				CLANG_WARN_EMPTY_BODY = YES;
				CLANG_WARN_ENUM_CONVERSION = YES;
				CLANG_WARN_INFINITE_RECURSION = YES;
				CLANG_WARN_INT_CONVERSION = YES;
				CLANG_WARN_NON_LITERAL_NULL_CONVERSION = YES;
				CLANG_WARN_OBJC_IMPLICIT_RETAIN_SELF = YES;
				CLANG_WARN_OBJC_LITERAL_CONVERSION = YES;
				CLANG_WARN_OBJC_ROOT_CLASS = YES_ERROR;
				CLANG_WARN_RANGE_LOOP_ANALYSIS = YES;
				CLANG_WARN_STRICT_PROTOTYPES = YES;
				CLANG_WARN_SUSPICIOUS_MOVE = YES;
				CLANG_WARN_UNGUARDED_AVAILABILITY = YES_AGGRESSIVE;
				CLANG_WARN_UNREACHABLE_CODE = YES;
				CLANG_WARN__DUPLICATE_METHOD_MATCH = YES;
				CODE_SIGN_IDENTITY = "iPhone Developer";
				COPY_PHASE_STRIP = NO;
				DEBUG_INFORMATION_FORMAT = dwarf;
				ENABLE_STRICT_OBJC_MSGSEND = YES;
				ENABLE_TESTABILITY = YES;
				GCC_C_LANGUAGE_STANDARD = gnu11;
				GCC_DYNAMIC_NO_PIC = NO;
				GCC_NO_COMMON_BLOCKS = YES;
				GCC_OPTIMIZATION_LEVEL = 0;
				GCC_PREPROCESSOR_DEFINITIONS = (
					"DEBUG=1",
					"$(inherited)",
				);
				GCC_WARN_64_TO_32_BIT_CONVERSION = YES;
				GCC_WARN_ABOUT_RETURN_TYPE = YES_ERROR;
				GCC_WARN_UNDECLARED_SELECTOR = YES;
				GCC_WARN_UNINITIALIZED_AUTOS = YES_AGGRESSIVE;
				GCC_WARN_UNUSED_FUNCTION = YES;
				GCC_WARN_UNUSED_VARIABLE = YES;
				IPHONEOS_DEPLOYMENT_TARGET = 12.1;
				MTL_ENABLE_DEBUG_INFO = INCLUDE_SOURCE;
				MTL_FAST_MATH = YES;
				ONLY_ACTIVE_ARCH = YES;
				SDKROOT = iphoneos;
				SWIFT_ACTIVE_COMPILATION_CONDITIONS = DEBUG;
				SWIFT_OPTIMIZATION_LEVEL = "-Onone";
			};
			name = Debug;
		};
		82917AD92266CB430086CE27 /* Release */ = {
			isa = XCBuildConfiguration;
			buildSettings = {
				ALWAYS_SEARCH_USER_PATHS = NO;
				CLANG_ANALYZER_NONNULL = YES;
				CLANG_ANALYZER_NUMBER_OBJECT_CONVERSION = YES_AGGRESSIVE;
				CLANG_CXX_LANGUAGE_STANDARD = "gnu++14";
				CLANG_CXX_LIBRARY = "libc++";
				CLANG_ENABLE_MODULES = YES;
				CLANG_ENABLE_OBJC_ARC = YES;
				CLANG_ENABLE_OBJC_WEAK = YES;
				CLANG_WARN_BLOCK_CAPTURE_AUTORELEASING = YES;
				CLANG_WARN_BOOL_CONVERSION = YES;
				CLANG_WARN_COMMA = YES;
				CLANG_WARN_CONSTANT_CONVERSION = YES;
				CLANG_WARN_DEPRECATED_OBJC_IMPLEMENTATIONS = YES;
				CLANG_WARN_DIRECT_OBJC_ISA_USAGE = YES_ERROR;
				CLANG_WARN_DOCUMENTATION_COMMENTS = YES;
				CLANG_WARN_EMPTY_BODY = YES;
				CLANG_WARN_ENUM_CONVERSION = YES;
				CLANG_WARN_INFINITE_RECURSION = YES;
				CLANG_WARN_INT_CONVERSION = YES;
				CLANG_WARN_NON_LITERAL_NULL_CONVERSION = YES;
				CLANG_WARN_OBJC_IMPLICIT_RETAIN_SELF = YES;
				CLANG_WARN_OBJC_LITERAL_CONVERSION = YES;
				CLANG_WARN_OBJC_ROOT_CLASS = YES_ERROR;
				CLANG_WARN_RANGE_LOOP_ANALYSIS = YES;
				CLANG_WARN_STRICT_PROTOTYPES = YES;
				CLANG_WARN_SUSPICIOUS_MOVE = YES;
				CLANG_WARN_UNGUARDED_AVAILABILITY = YES_AGGRESSIVE;
				CLANG_WARN_UNREACHABLE_CODE = YES;
				CLANG_WARN__DUPLICATE_METHOD_MATCH = YES;
				CODE_SIGN_IDENTITY = "iPhone Developer";
				COPY_PHASE_STRIP = NO;
				DEBUG_INFORMATION_FORMAT = "dwarf-with-dsym";
				ENABLE_NS_ASSERTIONS = NO;
				ENABLE_STRICT_OBJC_MSGSEND = YES;
				GCC_C_LANGUAGE_STANDARD = gnu11;
				GCC_NO_COMMON_BLOCKS = YES;
				GCC_WARN_64_TO_32_BIT_CONVERSION = YES;
				GCC_WARN_ABOUT_RETURN_TYPE = YES_ERROR;
				GCC_WARN_UNDECLARED_SELECTOR = YES;
				GCC_WARN_UNINITIALIZED_AUTOS = YES_AGGRESSIVE;
				GCC_WARN_UNUSED_FUNCTION = YES;
				GCC_WARN_UNUSED_VARIABLE = YES;
				IPHONEOS_DEPLOYMENT_TARGET = 12.1;
				MTL_ENABLE_DEBUG_INFO = NO;
				MTL_FAST_MATH = YES;
				SDKROOT = iphoneos;
				SWIFT_COMPILATION_MODE = wholemodule;
				SWIFT_OPTIMIZATION_LEVEL = "-O";
				VALIDATE_PRODUCT = YES;
			};
			name = Release;
		};
		82917ADB2266CB430086CE27 /* Debug */ = {
			isa = XCBuildConfiguration;
			buildSettings = {
				ASSETCATALOG_COMPILER_APPICON_NAME = AppIcon;
				CODE_SIGN_STYLE = Automatic;
				INFOPLIST_FILE = studylink_19/Info.plist;
				LD_RUNPATH_SEARCH_PATHS = (
					"$(inherited)",
					"@executable_path/Frameworks",
				);
				PRODUCT_BUNDLE_IDENTIFIER = "Mampz.studylink-19";
				PRODUCT_NAME = "$(TARGET_NAME)";
				SWIFT_VERSION = 4.2;
				TARGETED_DEVICE_FAMILY = "1,2";
			};
			name = Debug;
		};
		82917ADC2266CB430086CE27 /* Release */ = {
			isa = XCBuildConfiguration;
			buildSettings = {
				ASSETCATALOG_COMPILER_APPICON_NAME = AppIcon;
				CODE_SIGN_STYLE = Automatic;
				INFOPLIST_FILE = studylink_19/Info.plist;
				LD_RUNPATH_SEARCH_PATHS = (
					"$(inherited)",
					"@executable_path/Frameworks",
				);
				PRODUCT_BUNDLE_IDENTIFIER = "Mampz.studylink-19";
				PRODUCT_NAME = "$(TARGET_NAME)";
				SWIFT_VERSION = 4.2;
				TARGETED_DEVICE_FAMILY = "1,2";
			};
			name = Release;
		};
		82917ADE2266CB430086CE27 /* Debug */ = {
			isa = XCBuildConfiguration;
			buildSettings = {
				ALWAYS_EMBED_SWIFT_STANDARD_LIBRARIES = YES;
				BUNDLE_LOADER = "$(TEST_HOST)";
				CODE_SIGN_STYLE = Automatic;
				INFOPLIST_FILE = studylink_19Tests/Info.plist;
				LD_RUNPATH_SEARCH_PATHS = (
					"$(inherited)",
					"@executable_path/Frameworks",
					"@loader_path/Frameworks",
				);
				PRODUCT_BUNDLE_IDENTIFIER = "Mampz.studylink-19Tests";
				PRODUCT_NAME = "$(TARGET_NAME)";
				SWIFT_VERSION = 4.2;
				TARGETED_DEVICE_FAMILY = "1,2";
				TEST_HOST = "$(BUILT_PRODUCTS_DIR)/studylink_19.app/studylink_19";
			};
			name = Debug;
		};
		82917ADF2266CB430086CE27 /* Release */ = {
			isa = XCBuildConfiguration;
			buildSettings = {
				ALWAYS_EMBED_SWIFT_STANDARD_LIBRARIES = YES;
				BUNDLE_LOADER = "$(TEST_HOST)";
				CODE_SIGN_STYLE = Automatic;
				INFOPLIST_FILE = studylink_19Tests/Info.plist;
				LD_RUNPATH_SEARCH_PATHS = (
					"$(inherited)",
					"@executable_path/Frameworks",
					"@loader_path/Frameworks",
				);
				PRODUCT_BUNDLE_IDENTIFIER = "Mampz.studylink-19Tests";
				PRODUCT_NAME = "$(TARGET_NAME)";
				SWIFT_VERSION = 4.2;
				TARGETED_DEVICE_FAMILY = "1,2";
				TEST_HOST = "$(BUILT_PRODUCTS_DIR)/studylink_19.app/studylink_19";
			};
			name = Release;
		};
		82917AE12266CB430086CE27 /* Debug */ = {
			isa = XCBuildConfiguration;
			buildSettings = {
				ALWAYS_EMBED_SWIFT_STANDARD_LIBRARIES = YES;
				CODE_SIGN_STYLE = Automatic;
				INFOPLIST_FILE = studylink_19UITests/Info.plist;
				LD_RUNPATH_SEARCH_PATHS = (
					"$(inherited)",
					"@executable_path/Frameworks",
					"@loader_path/Frameworks",
				);
				PRODUCT_BUNDLE_IDENTIFIER = "Mampz.studylink-19UITests";
				PRODUCT_NAME = "$(TARGET_NAME)";
				SWIFT_VERSION = 4.2;
				TARGETED_DEVICE_FAMILY = "1,2";
				TEST_TARGET_NAME = studylink_19;
			};
			name = Debug;
		};
		82917AE22266CB430086CE27 /* Release */ = {
			isa = XCBuildConfiguration;
			buildSettings = {
				ALWAYS_EMBED_SWIFT_STANDARD_LIBRARIES = YES;
				CODE_SIGN_STYLE = Automatic;
				INFOPLIST_FILE = studylink_19UITests/Info.plist;
				LD_RUNPATH_SEARCH_PATHS = (
					"$(inherited)",
					"@executable_path/Frameworks",
					"@loader_path/Frameworks",
				);
				PRODUCT_BUNDLE_IDENTIFIER = "Mampz.studylink-19UITests";
				PRODUCT_NAME = "$(TARGET_NAME)";
				SWIFT_VERSION = 4.2;
				TARGETED_DEVICE_FAMILY = "1,2";
				TEST_TARGET_NAME = studylink_19;
			};
			name = Release;
		};
/* End XCBuildConfiguration section */

/* Begin XCConfigurationList section */
		82917AAD2266CB3C0086CE27 /* Build configuration list for PBXProject "studylink_19" */ = {
			isa = XCConfigurationList;
			buildConfigurations = (
				82917AD82266CB430086CE27 /* Debug */,
				82917AD92266CB430086CE27 /* Release */,
			);
			defaultConfigurationIsVisible = 0;
			defaultConfigurationName = Release;
		};
		82917ADA2266CB430086CE27 /* Build configuration list for PBXNativeTarget "studylink_19" */ = {
			isa = XCConfigurationList;
			buildConfigurations = (
				82917ADB2266CB430086CE27 /* Debug */,
				82917ADC2266CB430086CE27 /* Release */,
			);
			defaultConfigurationIsVisible = 0;
			defaultConfigurationName = Release;
		};
		82917ADD2266CB430086CE27 /* Build configuration list for PBXNativeTarget "studylink_19Tests" */ = {
			isa = XCConfigurationList;
			buildConfigurations = (
				82917ADE2266CB430086CE27 /* Debug */,
				82917ADF2266CB430086CE27 /* Release */,
			);
			defaultConfigurationIsVisible = 0;
			defaultConfigurationName = Release;
		};
		82917AE02266CB430086CE27 /* Build configuration list for PBXNativeTarget "studylink_19UITests" */ = {
			isa = XCConfigurationList;
			buildConfigurations = (
				82917AE12266CB430086CE27 /* Debug */,
				82917AE22266CB430086CE27 /* Release */,
			);
			defaultConfigurationIsVisible = 0;
			defaultConfigurationName = Release;
		};
/* End XCConfigurationList section */
	};
	rootObject = 82917AAA2266CB3C0086CE27 /* Project object */;
}
